
Microsoft Visual Studio Solution File, Format Version 12.00
# Visual Studio Version 17
VisualStudioVersion = 17.1.32228.430
MinimumVisualStudioVersion = 10.0.40219.1
Project("{FAE04EC0-301F-11D3-BF4B-00C04F79EFBC}") = "CozBank", "CozBank\CozBank.csproj", "{E3938F52-3C6C-45F3-A8E4-FC398D6BBF2A}"
EndProject
Global
	GlobalSection(SolutionConfigurationPlatforms) = preSolution
		Debug|Any CPU = Debug|Any CPU
		Release|Any CPU = Release|Any CPU
	EndGlobalSection
	GlobalSection(ProjectConfigurationPlatforms) = postSolution
		{E3938F52-3C6C-45F3-A8E4-FC398D6BBF2A}.Debug|Any CPU.ActiveCfg = Debug|Any CPU
		{E3938F52-3C6C-45F3-A8E4-FC398D6BBF2A}.Debug|Any CPU.Build.0 = Debug|Any CPU
		{E3938F52-3C6C-45F3-A8E4-FC398D6BBF2A}.Release|Any CPU.ActiveCfg = Release|Any CPU
		{E3938F52-3C6C-45F3-A8E4-FC398D6BBF2A}.Release|Any CPU.Build.0 = Release|Any CPU
	EndGlobalSection
	GlobalSection(SolutionProperties) = preSolution
		HideSolutionNode = FALSE
	EndGlobalSection
	GlobalSection(ExtensibilityGlobals) = postSolution
		SolutionGuid = {F3FF8E5D-61EB-4F97-B677-657EB7260CE2}
	EndGlobalSection
EndGlobal
